
Microsoft Visual Studio Solution File, Format Version 12.00
# Visual Studio Version 16
VisualStudioVersion = 16.0.29806.167
MinimumVisualStudioVersion = 10.0.40219.1
Project("{8BC9CEB8-8B4A-11D0-8D11-00A0C91BC942}") = "Variant", "Variant\Variant.vcxproj", "{883A88A2-9E34-45E7-BE6D-8FFC91FD1896}"
EndProject
Project("{8BC9CEB8-8B4A-11D0-8D11-00A0C91BC942}") = "VariantTest", "VariantTest\VariantTest.vcxproj", "{DB4A2C3C-6A71-45B9-BFAE-1FE94ECF44E1}"
	ProjectSection(ProjectDependencies) = postProject
		{883A88A2-9E34-45E7-BE6D-8FFC91FD1896} = {883A88A2-9E34-45E7-BE6D-8FFC91FD1896}
	EndProjectSection
EndProject
Global
	GlobalSection(SolutionConfigurationPlatforms) = preSolution
		Debug|x64 = Debug|x64
		Debug|x86 = Debug|x86
		Release|x64 = Release|x64
		Release|x86 = Release|x86
	EndGlobalSection
	GlobalSection(ProjectConfigurationPlatforms) = postSolution
		{883A88A2-9E34-45E7-BE6D-8FFC91FD1896}.Debug|x64.ActiveCfg = Debug|x64
		{883A88A2-9E34-45E7-BE6D-8FFC91FD1896}.Debug|x64.Build.0 = Debug|x64
		{883A88A2-9E34-45E7-BE6D-8FFC91FD1896}.Debug|x86.ActiveCfg = Debug|Win32
		{883A88A2-9E34-45E7-BE6D-8FFC91FD1896}.Debug|x86.Build.0 = Debug|Win32
		{883A88A2-9E34-45E7-BE6D-8FFC91FD1896}.Release|x64.ActiveCfg = Release|x64
		{883A88A2-9E34-45E7-BE6D-8FFC91FD1896}.Release|x64.Build.0 = Release|x64
		{883A88A2-9E34-45E7-BE6D-8FFC91FD1896}.Release|x86.ActiveCfg = Release|Win32
		{883A88A2-9E34-45E7-BE6D-8FFC91FD1896}.Release|x86.Build.0 = Release|Win32
		{DB4A2C3C-6A71-45B9-BFAE-1FE94ECF44E1}.Debug|x64.ActiveCfg = Debug|x64
		{DB4A2C3C-6A71-45B9-BFAE-1FE94ECF44E1}.Debug|x64.Build.0 = Debug|x64
		{DB4A2C3C-6A71-45B9-BFAE-1FE94ECF44E1}.Debug|x86.ActiveCfg = Debug|Win32
		{DB4A2C3C-6A71-45B9-BFAE-1FE94ECF44E1}.Debug|x86.Build.0 = Debug|Win32
		{DB4A2C3C-6A71-45B9-BFAE-1FE94ECF44E1}.Release|x64.ActiveCfg = Release|x64
		{DB4A2C3C-6A71-45B9-BFAE-1FE94ECF44E1}.Release|x64.Build.0 = Release|x64
		{DB4A2C3C-6A71-45B9-BFAE-1FE94ECF44E1}.Release|x86.ActiveCfg = Release|Win32
		{DB4A2C3C-6A71-45B9-BFAE-1FE94ECF44E1}.Release|x86.Build.0 = Release|Win32
	EndGlobalSection
	GlobalSection(SolutionProperties) = preSolution
		HideSolutionNode = FALSE
	EndGlobalSection
	GlobalSection(ExtensibilityGlobals) = postSolution
		SolutionGuid = {E4D30C5F-9D77-45E0-B1F4-3388FB57D801}
	EndGlobalSection
EndGlobal
